// !$*UTF8*$!
{
	archiveVersion = 1;
	classes = {
	};
	objectVersion = 50;
	objects = {

/* Begin PBXBuildFile section */
		2752C2532238A07A00F47D2A /* AppDelegate.m in Sources */ = {isa = PBXBuildFile; fileRef = 2752C2522238A07A00F47D2A /* AppDelegate.m */; };
		2752C2562238A07A00F47D2A /* ViewController.m in Sources */ = {isa = PBXBuildFile; fileRef = 2752C2552238A07A00F47D2A /* ViewController.m */; };
		2752C2592238A07A00F47D2A /* Main.storyboard in Resources */ = {isa = PBXBuildFile; fileRef = 2752C2572238A07A00F47D2A /* Main.storyboard */; };
		2752C25B2238A07C00F47D2A /* Assets.xcassets in Resources */ = {isa = PBXBuildFile; fileRef = 2752C25A2238A07C00F47D2A /* Assets.xcassets */; };
		2752C25E2238A07C00F47D2A /* LaunchScreen.storyboard in Resources */ = {isa = PBXBuildFile; fileRef = 2752C25C2238A07C00F47D2A /* LaunchScreen.storyboard */; };
		2752C2612238A07C00F47D2A /* main.m in Sources */ = {isa = PBXBuildFile; fileRef = 2752C2602238A07C00F47D2A /* main.m */; };
		2752C27E223A325900F47D2A /* 11111.m in Sources */ = {isa = PBXBuildFile; fileRef = 2752C27D223A325900F47D2A /* 11111.m */; };
		2752C281223A342A00F47D2A /* 2222.m in Sources */ = {isa = PBXBuildFile; fileRef = 2752C280223A342A00F47D2A /* 2222.m */; };
/* End PBXBuildFile section */

/* Begin PBXFileReference section */
		2752C24E2238A07A00F47D2A /* Demo.app */ = {isa = PBXFileReference; explicitFileType = wrapper.application; includeInIndex = 0; path = Demo.app; sourceTree = BUILT_PRODUCTS_DIR; };
		2752C2512238A07A00F47D2A /* AppDelegate.h */ = {isa = PBXFileReference; lastKnownFileType = sourcecode.c.h; path = AppDelegate.h; sourceTree = "<group>"; };
		2752C2522238A07A00F47D2A /* AppDelegate.m */ = {isa = PBXFileReference; lastKnownFileType = sourcecode.c.objc; path = AppDelegate.m; sourceTree = "<group>"; };
		2752C2542238A07A00F47D2A /* ViewController.h */ = {isa = PBXFileReference; lastKnownFileType = sourcecode.c.h; path = ViewController.h; sourceTree = "<group>"; };
		2752C2552238A07A00F47D2A /* ViewController.m */ = {isa = PBXFileReference; lastKnownFileType = sourcecode.c.objc; path = ViewController.m; sourceTree = "<group>"; };
		2752C2582238A07A00F47D2A /* Base */ = {isa = PBXFileReference; lastKnownFileType = file.storyboard; name = Base; path = Base.lproj/Main.storyboard; sourceTree = "<group>"; };
		2752C25A2238A07C00F47D2A /* Assets.xcassets */ = {isa = PBXFileReference; lastKnownFileType = folder.assetcatalog; path = Assets.xcassets; sourceTree = "<group>"; };
		2752C25D2238A07C00F47D2A /* Base */ = {isa = PBXFileReference; lastKnownFileType = file.storyboard; name = Base; path = Base.lproj/LaunchScreen.storyboard; sourceTree = "<group>"; };
		2752C25F2238A07C00F47D2A /* Info.plist */ = {isa = PBXFileReference; lastKnownFileType = text.plist.xml; path = Info.plist; sourceTree = "<group>"; };
		2752C2602238A07C00F47D2A /* main.m */ = {isa = PBXFileReference; lastKnownFileType = sourcecode.c.objc; path = main.m; sourceTree = "<group>"; };
		2752C27C223A325900F47D2A /* 11111.h */ = {isa = PBXFileReference; lastKnownFileType = sourcecode.c.h; path = 11111.h; sourceTree = "<group>"; };
		2752C27D223A325900F47D2A /* 11111.m */ = {isa = PBXFileReference; lastKnownFileType = sourcecode.c.objc; path = 11111.m; sourceTree = "<group>"; };
		2752C27F223A342A00F47D2A /* 2222.h */ = {isa = PBXFileReference; lastKnownFileType = sourcecode.c.h; path = 2222.h; sourceTree = "<group>"; };
		2752C280223A342A00F47D2A /* 2222.m */ = {isa = PBXFileReference; lastKnownFileType = sourcecode.c.objc; path = 2222.m; sourceTree = "<group>"; };
/* End PBXFileReference section */

/* Begin PBXFrameworksBuildPhase section */
		2752C24B2238A07A00F47D2A /* Frameworks */ = {
			isa = PBXFrameworksBuildPhase;
			buildActionMask = 2147483647;
			files = (
			);
			runOnlyForDeploymentPostprocessing = 0;
		};
/* End PBXFrameworksBuildPhase section */

/* Begin PBXGroup section */
		2752C2452238A07A00F47D2A = {
			isa = PBXGroup;
			children = (
				2752C2502238A07A00F47D2A /* Demo */,
				2752C24F2238A07A00F47D2A /* Products */,
			);
			sourceTree = "<group>";
		};
		2752C24F2238A07A00F47D2A /* Products */ = {
			isa = PBXGroup;
			children = (
				2752C24E2238A07A00F47D2A /* Demo.app */,
			);
			name = Products;
			sourceTree = "<group>";
		};
		2752C2502238A07A00F47D2A /* Demo */ = {
			isa = PBXGroup;
			children = (
				2752C2512238A07A00F47D2A /* AppDelegate.h */,
				2752C2522238A07A00F47D2A /* AppDelegate.m */,
				2752C2542238A07A00F47D2A /* ViewController.h */,
				2752C2552238A07A00F47D2A /* ViewController.m */,
				2752C2572238A07A00F47D2A /* Main.storyboard */,
				2752C25A2238A07C00F47D2A /* Assets.xcassets */,
				2752C25C2238A07C00F47D2A /* LaunchScreen.storyboard */,
				2752C25F2238A07C00F47D2A /* Info.plist */,
				2752C2602238A07C00F47D2A /* main.m */,
				2752C27C223A325900F47D2A /* 11111.h */,
				2752C27D223A325900F47D2A /* 11111.m */,
				2752C27F223A342A00F47D2A /* 2222.h */,
				2752C280223A342A00F47D2A /* 2222.m */,
			);
			path = Demo;
			sourceTree = "<group>";
		};
/* End PBXGroup section */

/* Begin PBXNativeTarget section */
		2752C24D2238A07A00F47D2A /* Demo */ = {
			isa = PBXNativeTarget;
			buildConfigurationList = 2752C2642238A07C00F47D2A /* Build configuration list for PBXNativeTarget "Demo" */;
			buildPhases = (
				2752C24A2238A07A00F47D2A /* Sources */,
				2752C24B2238A07A00F47D2A /* Frameworks */,
				2752C24C2238A07A00F47D2A /* Resources */,
			);
			buildRules = (
			);
			dependencies = (
			);
			name = Demo;
			productName = Demo;
			productReference = 2752C24E2238A07A00F47D2A /* Demo.app */;
			productType = "com.apple.product-type.application";
		};
/* End PBXNativeTarget section */

/* Begin PBXProject section */
		2752C2462238A07A00F47D2A /* Project object */ = {
			isa = PBXProject;
			attributes = {
				LastUpgradeCheck = 1010;
				ORGANIZATIONNAME = com.hs;
				TargetAttributes = {
					2752C24D2238A07A00F47D2A = {
						CreatedOnToolsVersion = 10.1;
					};
				};
			};
			buildConfigurationList = 2752C2492238A07A00F47D2A /* Build configuration list for PBXProject "Demo" */;
			compatibilityVersion = "Xcode 9.3";
			developmentRegion = en;
			hasScannedForEncodings = 0;
			knownRegions = (
				en,
				Base,
			);
			mainGroup = 2752C2452238A07A00F47D2A;
			productRefGroup = 2752C24F2238A07A00F47D2A /* Products */;
			projectDirPath = "";
			projectRoot = "";
			targets = (
				2752C24D2238A07A00F47D2A /* Demo */,
			);
		};
/* End PBXProject section */

/* Begin PBXResourcesBuildPhase section */
		2752C24C2238A07A00F47D2A /* Resources */ = {
			isa = PBXResourcesBuildPhase;
			buildActionMask = 2147483647;
			files = (
				2752C25E2238A07C00F47D2A /* LaunchScreen.storyboard in Resources */,
				2752C25B2238A07C00F47D2A /* Assets.xcassets in Resources */,
				2752C2592238A07A00F47D2A /* Main.storyboard in Resources */,
			);
			runOnlyForDeploymentPostprocessing = 0;
		};
/* End PBXResourcesBuildPhase section */

/* Begin PBXSourcesBuildPhase section */
		2752C24A2238A07A00F47D2A /* Sources */ = {
			isa = PBXSourcesBuildPhase;
			buildActionMask = 2147483647;
			files = (
				2752C281223A342A00F47D2A /* 2222.m in Sources */,
				2752C2562238A07A00F47D2A /* ViewController.m in Sources */,
				2752C2612238A07C00F47D2A /* main.m in Sources */,
				2752C2532238A07A00F47D2A /* AppDelegate.m in Sources */,
				2752C27E223A325900F47D2A /* 11111.m in Sources */,
			);
			runOnlyForDeploymentPostprocessing = 0;
		};
/* End PBXSourcesBuildPhase section */

/* Begin PBXVariantGroup section */
		2752C2572238A07A00F47D2A /* Main.storyboard */ = {
			isa = PBXVariantGroup;
			children = (
				2752C2582238A07A00F47D2A /* Base */,
			);
			name = Main.storyboard;
			sourceTree = "<group>";
		};
		2752C25C2238A07C00F47D2A /* LaunchScreen.storyboard */ = {
			isa = PBXVariantGroup;
			children = (
				2752C25D2238A07C00F47D2A /* Base */,
			);
			name = LaunchScreen.storyboard;
			sourceTree = "<group>";
		};
/* End PBXVariantGroup section */

/* Begin XCBuildConfiguration section */
		2752C2622238A07C00F47D2A /* Debug */ = {
			isa = XCBuildConfiguration;
			buildSettings = {
				ALWAYS_SEARCH_USER_PATHS = NO;
				CLANG_ANALYZER_NONNULL = YES;
				CLANG_ANALYZER_NUMBER_OBJECT_CONVERSION = YES_AGGRESSIVE;
				CLANG_CXX_LANGUAGE_STANDARD = "gnu++14";
				CLANG_CXX_LIBRARY = "libc++";
				CLANG_ENABLE_MODULES = YES;
				CLANG_ENABLE_OBJC_ARC = YES;
				CLANG_ENABLE_OBJC_WEAK = YES;
				CLANG_WARN_BLOCK_CAPTURE_AUTORELEASING = YES;
				CLANG_WARN_BOOL_CONVERSION = YES;
				CLANG_WARN_COMMA = YES;
				CLANG_WARN_CONSTANT_CONVERSION = YES;
				CLANG_WARN_DEPRECATED_OBJC_IMPLEMENTATIONS = YES;
				CLANG_WARN_DIRECT_OBJC_ISA_USAGE = YES_ERROR;
				CLANG_WARN_DOCUMENTATION_COMMENTS = YES;
				CLANG_WARN_EMPTY_BODY = YES;
				CLANG_WARN_ENUM_CONVERSION = YES;
				CLANG_WARN_INFINITE_RECURSION = YES;
				CLANG_WARN_INT_CONVERSION = YES;
				CLANG_WARN_NON_LITERAL_NULL_CONVERSION = YES;
				CLANG_WARN_OBJC_IMPLICIT_RETAIN_SELF = YES;
				CLANG_WARN_OBJC_LITERAL_CONVERSION = YES;
				CLANG_WARN_OBJC_ROOT_CLASS = YES_ERROR;
				CLANG_WARN_RANGE_LOOP_ANALYSIS = YES;
				CLANG_WARN_STRICT_PROTOTYPES = YES;
				CLANG_WARN_SUSPICIOUS_MOVE = YES;
				CLANG_WARN_UNGUARDED_AVAILABILITY = YES_AGGRESSIVE;
				CLANG_WARN_UNREACHABLE_CODE = YES;
				CLANG_WARN__DUPLICATE_METHOD_MATCH = YES;
				CODE_SIGN_IDENTITY = "iPhone Developer";
				COPY_PHASE_STRIP = NO;
				DEBUG_INFORMATION_FORMAT = dwarf;
				ENABLE_STRICT_OBJC_MSGSEND = YES;
				ENABLE_TESTABILITY = YES;
				GCC_C_LANGUAGE_STANDARD = gnu11;
				GCC_DYNAMIC_NO_PIC = NO;
				GCC_NO_COMMON_BLOCKS = YES;
				GCC_OPTIMIZATION_LEVEL = 0;
				GCC_PREPROCESSOR_DEFINITIONS = (
					"DEBUG=1",
					"$(inherited)",
				);
				GCC_WARN_64_TO_32_BIT_CONVERSION = YES;
				GCC_WARN_ABOUT_RETURN_TYPE = YES_ERROR;
				GCC_WARN_UNDECLARED_SELECTOR = YES;
				GCC_WARN_UNINITIALIZED_AUTOS = YES_AGGRESSIVE;
				GCC_WARN_UNUSED_FUNCTION = YES;
				GCC_WARN_UNUSED_VARIABLE = YES;
				IPHONEOS_DEPLOYMENT_TARGET = 12.1;
				MTL_ENABLE_DEBUG_INFO = INCLUDE_SOURCE;
				MTL_FAST_MATH = YES;
				ONLY_ACTIVE_ARCH = YES;
				SDKROOT = iphoneos;
			};
			name = Debug;
		};
		2752C2632238A07C00F47D2A /* Release */ = {
			isa = XCBuildConfiguration;
			buildSettings = {
				ALWAYS_SEARCH_USER_PATHS = NO;
				CLANG_ANALYZER_NONNULL = YES;
				CLANG_ANALYZER_NUMBER_OBJECT_CONVERSION = YES_AGGRESSIVE;
				CLANG_CXX_LANGUAGE_STANDARD = "gnu++14";
				CLANG_CXX_LIBRARY = "libc++";
				CLANG_ENABLE_MODULES = YES;
				CLANG_ENABLE_OBJC_ARC = YES;
				CLANG_ENABLE_OBJC_WEAK = YES;
				CLANG_WARN_BLOCK_CAPTURE_AUTORELEASING = YES;
				CLANG_WARN_BOOL_CONVERSION = YES;
				CLANG_WARN_COMMA = YES;
				CLANG_WARN_CONSTANT_CONVERSION = YES;
				CLANG_WARN_DEPRECATED_OBJC_IMPLEMENTATIONS = YES;
				CLANG_WARN_DIRECT_OBJC_ISA_USAGE = YES_ERROR;
				CLANG_WARN_DOCUMENTATION_COMMENTS = YES;
				CLANG_WARN_EMPTY_BODY = YES;
				CLANG_WARN_ENUM_CONVERSION = YES;
				CLANG_WARN_INFINITE_RECURSION = YES;
				CLANG_WARN_INT_CONVERSION = YES;
				CLANG_WARN_NON_LITERAL_NULL_CONVERSION = YES;
				CLANG_WARN_OBJC_IMPLICIT_RETAIN_SELF = YES;
				CLANG_WARN_OBJC_LITERAL_CONVERSION = YES;
				CLANG_WARN_OBJC_ROOT_CLASS = YES_ERROR;
				CLANG_WARN_RANGE_LOOP_ANALYSIS = YES;
				CLANG_WARN_STRICT_PROTOTYPES = YES;
				CLANG_WARN_SUSPICIOUS_MOVE = YES;
				CLANG_WARN_UNGUARDED_AVAILABILITY = YES_AGGRESSIVE;
				CLANG_WARN_UNREACHABLE_CODE = YES;
				CLANG_WARN__DUPLICATE_METHOD_MATCH = YES;
				CODE_SIGN_IDENTITY = "iPhone Developer";
				COPY_PHASE_STRIP = NO;
				DEBUG_INFORMATION_FORMAT = "dwarf-with-dsym";
				ENABLE_NS_ASSERTIONS = NO;
				ENABLE_STRICT_OBJC_MSGSEND = YES;
				GCC_C_LANGUAGE_STANDARD = gnu11;
				GCC_NO_COMMON_BLOCKS = YES;
				GCC_WARN_64_TO_32_BIT_CONVERSION = YES;
				GCC_WARN_ABOUT_RETURN_TYPE = YES_ERROR;
				GCC_WARN_UNDECLARED_SELECTOR = YES;
				GCC_WARN_UNINITIALIZED_AUTOS = YES_AGGRESSIVE;
				GCC_WARN_UNUSED_FUNCTION = YES;
				GCC_WARN_UNUSED_VARIABLE = YES;
				IPHONEOS_DEPLOYMENT_TARGET = 12.1;
				MTL_ENABLE_DEBUG_INFO = NO;
				MTL_FAST_MATH = YES;
				SDKROOT = iphoneos;
				VALIDATE_PRODUCT = YES;
			};
			name = Release;
		};
		2752C2652238A07C00F47D2A /* Debug */ = {
			isa = XCBuildConfiguration;
			buildSettings = {
				ASSETCATALOG_COMPILER_APPICON_NAME = AppIcon;
				CODE_SIGN_STYLE = Manual;
				DEVELOPMENT_TEAM = N2JAYG4T4V;
				INFOPLIST_FILE = Demo/Info.plist;
				IPHONEOS_DEPLOYMENT_TARGET = 9.0;
				LD_RUNPATH_SEARCH_PATHS = (
					"$(inherited)",
					"@executable_path/Frameworks",
				);
				PRODUCT_BUNDLE_IDENTIFIER = com.hs.Demo;
				PRODUCT_NAME = "$(TARGET_NAME)";
				PROVISIONING_PROFILE_SPECIFIER = ANYID;
				TARGETED_DEVICE_FAMILY = 1;
			};
			name = Debug;
		};
		2752C2662238A07C00F47D2A /* Release */ = {
			isa = XCBuildConfiguration;
			buildSettings = {
				ASSETCATALOG_COMPILER_APPICON_NAME = AppIcon;
				CODE_SIGN_STYLE = Manual;
				DEVELOPMENT_TEAM = N2JAYG4T4V;
				INFOPLIST_FILE = Demo/Info.plist;
				IPHONEOS_DEPLOYMENT_TARGET = 9.0;
				LD_RUNPATH_SEARCH_PATHS = (
					"$(inherited)",
					"@executable_path/Frameworks",
				);
				PRODUCT_BUNDLE_IDENTIFIER = com.hs.Demo;
				PRODUCT_NAME = "$(TARGET_NAME)";
				PROVISIONING_PROFILE_SPECIFIER = ANYID;
				TARGETED_DEVICE_FAMILY = 1;
			};
			name = Release;
		};
/* End XCBuildConfiguration section */

/* Begin XCConfigurationList section */
		2752C2492238A07A00F47D2A /* Build configuration list for PBXProject "Demo" */ = {
			isa = XCConfigurationList;
			buildConfigurations = (
				2752C2622238A07C00F47D2A /* Debug */,
				2752C2632238A07C00F47D2A /* Release */,
			);
			defaultConfigurationIsVisible = 0;
			defaultConfigurationName = Release;
		};
		2752C2642238A07C00F47D2A /* Build configuration list for PBXNativeTarget "Demo" */ = {
			isa = XCConfigurationList;
			buildConfigurations = (
				2752C2652238A07C00F47D2A /* Debug */,
				2752C2662238A07C00F47D2A /* Release */,
			);
			defaultConfigurationIsVisible = 0;
			defaultConfigurationName = Release;
		};
/* End XCConfigurationList section */
	};
	rootObject = 2752C2462238A07A00F47D2A /* Project object */;
}
